Microsoft Visual Studio Solution File, Format Version 12.00
# Visual Studio 2012
Project("{FAE04EC0-301F-11D3-BF4B-00C04F79EFBC}") = "Dodge The Creeps", "Dodge The Creeps.csproj", "{B044CA97-01B8-4080-9C8D-AE917565BB2F}"
EndProject
Global
	GlobalSection(SolutionConfigurationPlatforms) = preSolution
	Debug|Any CPU = Debug|Any CPU
	ExportDebug|Any CPU = ExportDebug|Any CPU
	ExportRelease|Any CPU = ExportRelease|Any CPU
	EndGlobalSection
	GlobalSection(ProjectConfigurationPlatforms) = postSolution
		{B044CA97-01B8-4080-9C8D-AE917565BB2F}.Debug|Any CPU.ActiveCfg = Debug|Any CPU
		{B044CA97-01B8-4080-9C8D-AE917565BB2F}.Debug|Any CPU.Build.0 = Debug|Any CPU
		{B044CA97-01B8-4080-9C8D-AE917565BB2F}.ExportDebug|Any CPU.ActiveCfg = ExportDebug|Any CPU
		{B044CA97-01B8-4080-9C8D-AE917565BB2F}.ExportDebug|Any CPU.Build.0 = ExportDebug|Any CPU
		{B044CA97-01B8-4080-9C8D-AE917565BB2F}.ExportRelease|Any CPU.ActiveCfg = ExportRelease|Any CPU
		{B044CA97-01B8-4080-9C8D-AE917565BB2F}.ExportRelease|Any CPU.Build.0 = ExportRelease|Any CPU
	EndGlobalSection
EndGlobal
